{
	"name": "@sylphx/mcp-server-sdk",
	"version": "1.1.2",
	"lockfileVersion": 3,
	"requires": true,
	"packages": {
		"": {
			"name": "@sylphx/mcp-server-sdk",
			"version": "1.1.2",
			"license": "MIT",
			"dependencies": {
				"@hono/node-server": "^1.19.6",
				"hono": "^4.10.7"
			},
			"devDependencies": {
				"@biomejs/biome": "^2.3.8",
				"@sylphx/biome-config": "^0.4.0",
				"@sylphx/bump": "^0.13.2",
				"@sylphx/doctor": "^1.24.0",
				"@sylphx/tsconfig": "^0.3.0",
				"@types/bun": "^1.3.3",
				"bunup": "^0.16.10",
				"lefthook": "^2.0.4",
				"mitata": "^1.0.34",
				"typescript": "^5.9.3",
				"zod": "^4.1.13"
			},
			"peerDependencies": {
				"typescript": "^5.0.0",
				"zod": "^4.0.0"
			},
			"peerDependenciesMeta": {
				"zod": {
					"optional": true
				}
			}
		},
		"node_modules/@babel/helper-string-parser": {
			"version": "7.27.1",
			"dev": true,
			"license": "MIT",
			"engines": {
				"node": ">=6.9.0"
			}
		},
		"node_modules/@babel/helper-validator-identifier": {
			"version": "7.28.5",
			"dev": true,
			"license": "MIT",
			"engines": {
				"node": ">=6.9.0"
			}
		},
		"node_modules/@babel/parser": {
			"version": "7.28.5",
			"dev": true,
			"license": "MIT",
			"dependencies": {
				"@babel/types": "^7.28.5"
			},
			"bin": {
				"parser": "bin/babel-parser.js"
			},
			"engines": {
				"node": ">=6.0.0"
			}
		},
		"node_modules/@babel/types": {
			"version": "7.28.5",
			"dev": true,
			"license": "MIT",
			"dependencies": {
				"@babel/helper-string-parser": "^7.27.1",
				"@babel/helper-validator-identifier": "^7.28.5"
			},
			"engines": {
				"node": ">=6.9.0"
			}
		},
		"node_modules/@biomejs/biome": {
			"version": "2.3.8",
			"resolved": "https://registry.npmjs.org/@biomejs/biome/-/biome-2.3.8.tgz",
			"integrity": "sha512-Qjsgoe6FEBxWAUzwFGFrB+1+M8y/y5kwmg5CHac+GSVOdmOIqsAiXM5QMVGZJ1eCUCLlPZtq4aFAQ0eawEUuUA==",
			"dev": true,
			"license": "MIT OR Apache-2.0",
			"bin": {
				"biome": "bin/biome"
			},
			"engines": {
				"node": ">=14.21.3"
			},
			"funding": {
				"type": "opencollective",
				"url": "https://opencollective.com/biome"
			},
			"optionalDependencies": {
				"@biomejs/cli-darwin-arm64": "2.3.8",
				"@biomejs/cli-darwin-x64": "2.3.8",
				"@biomejs/cli-linux-arm64": "2.3.8",
				"@biomejs/cli-linux-arm64-musl": "2.3.8",
				"@biomejs/cli-linux-x64": "2.3.8",
				"@biomejs/cli-linux-x64-musl": "2.3.8",
				"@biomejs/cli-win32-arm64": "2.3.8",
				"@biomejs/cli-win32-x64": "2.3.8"
			}
		},
		"node_modules/@biomejs/cli-darwin-arm64": {
			"version": "2.3.8",
			"resolved": "https://registry.npmjs.org/@biomejs/cli-darwin-arm64/-/cli-darwin-arm64-2.3.8.tgz",
			"integrity": "sha512-HM4Zg9CGQ3txTPflxD19n8MFPrmUAjaC7PQdLkugeeC0cQ+PiVrd7i09gaBS/11QKsTDBJhVg85CEIK9f50Qww==",
			"cpu": [
				"arm64"
			],
			"dev": true,
			"license": "MIT OR Apache-2.0",
			"optional": true,
			"os": [
				"darwin"
			],
			"engines": {
				"node": ">=14.21.3"
			}
		},
		"node_modules/@biomejs/cli-darwin-x64": {
			"version": "2.3.8",
			"resolved": "https://registry.npmjs.org/@biomejs/cli-darwin-x64/-/cli-darwin-x64-2.3.8.tgz",
			"integrity": "sha512-lUDQ03D7y/qEao7RgdjWVGCu+BLYadhKTm40HkpJIi6kn8LSv5PAwRlew/DmwP4YZ9ke9XXoTIQDO1vAnbRZlA==",
			"cpu": [
				"x64"
			],
			"dev": true,
			"license": "MIT OR Apache-2.0",
			"optional": true,
			"os": [
				"darwin"
			],
			"engines": {
				"node": ">=14.21.3"
			}
		},
		"node_modules/@biomejs/cli-linux-arm64": {
			"version": "2.3.8",
			"resolved": "https://registry.npmjs.org/@biomejs/cli-linux-arm64/-/cli-linux-arm64-2.3.8.tgz",
			"integrity": "sha512-Uo1OJnIkJgSgF+USx970fsM/drtPcQ39I+JO+Fjsaa9ZdCN1oysQmy6oAGbyESlouz+rzEckLTF6DS7cWse95g==",
			"cpu": [
				"arm64"
			],
			"dev": true,
			"license": "MIT OR Apache-2.0",
			"optional": true,
			"os": [
				"linux"
			],
			"engines": {
				"node": ">=14.21.3"
			}
		},
		"node_modules/@biomejs/cli-linux-arm64-musl": {
			"version": "2.3.8",
			"resolved": "https://registry.npmjs.org/@biomejs/cli-linux-arm64-musl/-/cli-linux-arm64-musl-2.3.8.tgz",
			"integrity": "sha512-PShR4mM0sjksUMyxbyPNMxoKFPVF48fU8Qe8Sfx6w6F42verbwRLbz+QiKNiDPRJwUoMG1nPM50OBL3aOnTevA==",
			"cpu": [
				"arm64"
			],
			"dev": true,
			"license": "MIT OR Apache-2.0",
			"optional": true,
			"os": [
				"linux"
			],
			"engines": {
				"node": ">=14.21.3"
			}
		},
		"node_modules/@biomejs/cli-linux-x64": {
			"version": "2.3.8",
			"resolved": "https://registry.npmjs.org/@biomejs/cli-linux-x64/-/cli-linux-x64-2.3.8.tgz",
			"integrity": "sha512-QDPMD5bQz6qOVb3kiBui0zKZXASLo0NIQ9JVJio5RveBEFgDgsvJFUvZIbMbUZT3T00M/1wdzwWXk4GIh0KaAw==",
			"cpu": [
				"x64"
			],
			"dev": true,
			"license": "MIT OR Apache-2.0",
			"optional": true,
			"os": [
				"linux"
			],
			"engines": {
				"node": ">=14.21.3"
			}
		},
		"node_modules/@biomejs/cli-linux-x64-musl": {
			"version": "2.3.8",
			"resolved": "https://registry.npmjs.org/@biomejs/cli-linux-x64-musl/-/cli-linux-x64-musl-2.3.8.tgz",
			"integrity": "sha512-YGLkqU91r1276uwSjiUD/xaVikdxgV1QpsicT0bIA1TaieM6E5ibMZeSyjQ/izBn4tKQthUSsVZacmoJfa3pDA==",
			"cpu": [
				"x64"
			],
			"dev": true,
			"license": "MIT OR Apache-2.0",
			"optional": true,
			"os": [
				"linux"
			],
			"engines": {
				"node": ">=14.21.3"
			}
		},
		"node_modules/@biomejs/cli-win32-arm64": {
			"version": "2.3.8",
			"resolved": "https://registry.npmjs.org/@biomejs/cli-win32-arm64/-/cli-win32-arm64-2.3.8.tgz",
			"integrity": "sha512-H4IoCHvL1fXKDrTALeTKMiE7GGWFAraDwBYFquE/L/5r1927Te0mYIGseXi4F+lrrwhSWbSGt5qPFswNoBaCxg==",
			"cpu": [
				"arm64"
			],
			"dev": true,
			"license": "MIT OR Apache-2.0",
			"optional": true,
			"os": [
				"win32"
			],
			"engines": {
				"node": ">=14.21.3"
			}
		},
		"node_modules/@biomejs/cli-win32-x64": {
			"version": "2.3.8",
			"resolved": "https://registry.npmjs.org/@biomejs/cli-win32-x64/-/cli-win32-x64-2.3.8.tgz",
			"integrity": "sha512-RguzimPoZWtBapfKhKjcWXBVI91tiSprqdBYu7tWhgN8pKRZhw24rFeNZTNf6UiBfjCYCi9eFQs/JzJZIhuK4w==",
			"cpu": [
				"x64"
			],
			"dev": true,
			"license": "MIT OR Apache-2.0",
			"optional": true,
			"os": [
				"win32"
			],
			"engines": {
				"node": ">=14.21.3"
			}
		},
		"node_modules/@bunup/dts": {
			"version": "0.14.43",
			"dev": true,
			"hasInstallScript": true,
			"license": "MIT",
			"dependencies": {
				"@babel/parser": "^7.28.4",
				"coffi": "^0.1.37",
				"oxc-minify": "^0.93.0",
				"oxc-resolver": "^11.9.0",
				"oxc-transform": "^0.93.0",
				"picocolors": "^1.1.1",
				"std-env": "^3.9.0",
				"ts-import-resolver": "^0.1.23"
			},
			"peerDependencies": {
				"typescript": ">=4.5.0"
			},
			"peerDependenciesMeta": {
				"typescript": {
					"optional": true
				}
			}
		},
		"node_modules/@bunup/shared": {
			"version": "0.16.8",
			"dev": true,
			"license": "MIT",
			"funding": {
				"url": "https://github.com/sponsors/arshad-yaseen"
			},
			"peerDependencies": {
				"typescript": "latest"
			},
			"peerDependenciesMeta": {
				"typescript": {
					"optional": true
				}
			}
		},
		"node_modules/@hono/node-server": {
			"version": "1.19.6",
			"resolved": "https://registry.npmjs.org/@hono/node-server/-/node-server-1.19.6.tgz",
			"integrity": "sha512-Shz/KjlIeAhfiuE93NDKVdZ7HdBVLQAfdbaXEaoAVO3ic9ibRSLGIQGkcBbFyuLr+7/1D5ZCINM8B+6IvXeMtw==",
			"license": "MIT",
			"engines": {
				"node": ">=18.14.1"
			},
			"peerDependencies": {
				"hono": "^4"
			}
		},
		"node_modules/@oxc-minify/binding-linux-x64-gnu": {
			"version": "0.93.0",
			"cpu": [
				"x64"
			],
			"dev": true,
			"license": "MIT",
			"optional": true,
			"os": [
				"linux"
			],
			"engines": {
				"node": "^20.19.0 || >=22.12.0"
			}
		},
		"node_modules/@oxc-minify/binding-linux-x64-musl": {
			"version": "0.93.0",
			"cpu": [
				"x64"
			],
			"dev": true,
			"license": "MIT",
			"optional": true,
			"os": [
				"linux"
			],
			"engines": {
				"node": "^20.19.0 || >=22.12.0"
			}
		},
		"node_modules/@oxc-resolver/binding-linux-x64-gnu": {
			"version": "11.14.0",
			"cpu": [
				"x64"
			],
			"dev": true,
			"license": "MIT",
			"optional": true,
			"os": [
				"linux"
			]
		},
		"node_modules/@oxc-resolver/binding-linux-x64-musl": {
			"version": "11.14.0",
			"cpu": [
				"x64"
			],
			"dev": true,
			"license": "MIT",
			"optional": true,
			"os": [
				"linux"
			]
		},
		"node_modules/@oxc-transform/binding-linux-x64-gnu": {
			"version": "0.93.0",
			"cpu": [
				"x64"
			],
			"dev": true,
			"license": "MIT",
			"optional": true,
			"os": [
				"linux"
			],
			"engines": {
				"node": "^20.19.0 || >=22.12.0"
			}
		},
		"node_modules/@oxc-transform/binding-linux-x64-musl": {
			"version": "0.93.0",
			"cpu": [
				"x64"
			],
			"dev": true,
			"license": "MIT",
			"optional": true,
			"os": [
				"linux"
			],
			"engines": {
				"node": "^20.19.0 || >=22.12.0"
			}
		},
		"node_modules/@sylphx/biome-config": {
			"version": "0.4.0",
			"resolved": "https://registry.npmjs.org/@sylphx/biome-config/-/biome-config-0.4.0.tgz",
			"integrity": "sha512-fvIZ5H61VfbQzp2X2E5FoRtzUBS03rGvuaxby6MoP4fmgXaYS35CWgU+zswKoo2DAriBbIKfWkYsT/Bn2ih0HA==",
			"dev": true,
			"license": "MIT",
			"peerDependencies": {
				"@biomejs/biome": "^2.0.0"
			}
		},
		"node_modules/@sylphx/bump": {
			"version": "0.13.2",
			"resolved": "https://registry.npmjs.org/@sylphx/bump/-/bump-0.13.2.tgz",
			"integrity": "sha512-3RoKKAY6BwBJhYSjVrhR1N4sG2v5BiNUoNa+leXKos8cFhmbK2N5EPpCE2v0z+t2tanPHJkbqkajsC0HpNXthA==",
			"dev": true,
			"license": "MIT",
			"dependencies": {
				"citty": "^0.1.6",
				"consola": "^3.4.2",
				"defu": "^6.1.4",
				"picocolors": "^1.1.1",
				"semver": "^7.6.3"
			},
			"bin": {
				"bump": "dist/cli.js"
			}
		},
		"node_modules/@sylphx/doctor": {
			"version": "1.24.0",
			"resolved": "https://registry.npmjs.org/@sylphx/doctor/-/doctor-1.24.0.tgz",
			"integrity": "sha512-lmbmwAe4rIhDp6nIDQMeLs7hJbpBUTC79Xdv90eHqL/QUDbQu0x0oSi4acEoJ/K84BDvQ2tiAeKco1Zd8DIzLQ==",
			"dev": true,
			"license": "MIT",
			"dependencies": {
				"citty": "^0.1.6",
				"consola": "^3.4.2",
				"defu": "^6.1.4",
				"jiti": "^2.4.2",
				"picocolors": "^1.1.1"
			},
			"bin": {
				"doctor": "dist/cli.js"
			}
		},
		"node_modules/@sylphx/tsconfig": {
			"version": "0.3.0",
			"resolved": "https://registry.npmjs.org/@sylphx/tsconfig/-/tsconfig-0.3.0.tgz",
			"integrity": "sha512-3O085PgS9CkWlW1xQND7XJkXYaq3SjoUvwOosK5sAA5eev1gVYEdYJhfAHgLcZefP541FQnHSCzs1re4gj6TjA==",
			"dev": true,
			"license": "MIT"
		},
		"node_modules/@types/bun": {
			"version": "1.3.3",
			"dev": true,
			"license": "MIT",
			"dependencies": {
				"bun-types": "1.3.3"
			}
		},
		"node_modules/@types/node": {
			"version": "24.10.1",
			"dev": true,
			"license": "MIT",
			"dependencies": {
				"undici-types": "~7.16.0"
			}
		},
		"node_modules/bun-types": {
			"version": "1.3.3",
			"dev": true,
			"license": "MIT",
			"dependencies": {
				"@types/node": "*"
			}
		},
		"node_modules/bunup": {
			"version": "0.16.10",
			"dev": true,
			"license": "MIT",
			"dependencies": {
				"@bunup/dts": "^0.14.37",
				"@bunup/shared": "0.16.8",
				"chokidar": "^4.0.3",
				"coffi": "^0.1.37",
				"lightningcss": "^1.30.2",
				"picocolors": "^1.1.1",
				"tinyexec": "^1.0.1",
				"tree-kill": "^1.2.2",
				"zlye": "^0.4.4"
			},
			"bin": {
				"bunup": "dist/cli/index.js"
			},
			"funding": {
				"url": "https://github.com/sponsors/arshad-yaseen"
			},
			"peerDependencies": {
				"typescript": "latest"
			},
			"peerDependenciesMeta": {
				"typescript": {
					"optional": true
				}
			}
		},
		"node_modules/chokidar": {
			"version": "4.0.3",
			"dev": true,
			"license": "MIT",
			"dependencies": {
				"readdirp": "^4.0.1"
			},
			"engines": {
				"node": ">= 14.16.0"
			},
			"funding": {
				"url": "https://paulmillr.com/funding/"
			}
		},
		"node_modules/citty": {
			"version": "0.1.6",
			"dev": true,
			"license": "MIT",
			"dependencies": {
				"consola": "^3.2.3"
			}
		},
		"node_modules/coffi": {
			"version": "0.1.37",
			"dev": true,
			"license": "MIT",
			"dependencies": {
				"strip-json-comments": "^5.0.3"
			}
		},
		"node_modules/consola": {
			"version": "3.4.2",
			"dev": true,
			"license": "MIT",
			"engines": {
				"node": "^14.18.0 || >=16.10.0"
			}
		},
		"node_modules/defu": {
			"version": "6.1.4",
			"dev": true,
			"license": "MIT"
		},
		"node_modules/detect-libc": {
			"version": "2.1.2",
			"dev": true,
			"license": "Apache-2.0",
			"engines": {
				"node": ">=8"
			}
		},
		"node_modules/hono": {
			"version": "4.10.7",
			"resolved": "https://registry.npmjs.org/hono/-/hono-4.10.7.tgz",
			"integrity": "sha512-icXIITfw/07Q88nLSkB9aiUrd8rYzSweK681Kjo/TSggaGbOX4RRyxxm71v+3PC8C/j+4rlxGeoTRxQDkaJkUw==",
			"license": "MIT",
			"engines": {
				"node": ">=16.9.0"
			}
		},
		"node_modules/jiti": {
			"version": "2.6.1",
			"dev": true,
			"license": "MIT",
			"bin": {
				"jiti": "lib/jiti-cli.mjs"
			}
		},
		"node_modules/lefthook": {
			"version": "2.0.4",
			"dev": true,
			"hasInstallScript": true,
			"license": "MIT",
			"bin": {
				"lefthook": "bin/index.js"
			},
			"optionalDependencies": {
				"lefthook-darwin-arm64": "2.0.4",
				"lefthook-darwin-x64": "2.0.4",
				"lefthook-freebsd-arm64": "2.0.4",
				"lefthook-freebsd-x64": "2.0.4",
				"lefthook-linux-arm64": "2.0.4",
				"lefthook-linux-x64": "2.0.4",
				"lefthook-openbsd-arm64": "2.0.4",
				"lefthook-openbsd-x64": "2.0.4",
				"lefthook-windows-arm64": "2.0.4",
				"lefthook-windows-x64": "2.0.4"
			}
		},
		"node_modules/lefthook-linux-x64": {
			"version": "2.0.4",
			"cpu": [
				"x64"
			],
			"dev": true,
			"license": "MIT",
			"optional": true,
			"os": [
				"linux"
			]
		},
		"node_modules/lightningcss": {
			"version": "1.30.2",
			"dev": true,
			"license": "MPL-2.0",
			"dependencies": {
				"detect-libc": "^2.0.3"
			},
			"engines": {
				"node": ">= 12.0.0"
			},
			"funding": {
				"type": "opencollective",
				"url": "https://opencollective.com/parcel"
			},
			"optionalDependencies": {
				"lightningcss-android-arm64": "1.30.2",
				"lightningcss-darwin-arm64": "1.30.2",
				"lightningcss-darwin-x64": "1.30.2",
				"lightningcss-freebsd-x64": "1.30.2",
				"lightningcss-linux-arm-gnueabihf": "1.30.2",
				"lightningcss-linux-arm64-gnu": "1.30.2",
				"lightningcss-linux-arm64-musl": "1.30.2",
				"lightningcss-linux-x64-gnu": "1.30.2",
				"lightningcss-linux-x64-musl": "1.30.2",
				"lightningcss-win32-arm64-msvc": "1.30.2",
				"lightningcss-win32-x64-msvc": "1.30.2"
			}
		},
		"node_modules/lightningcss-linux-x64-gnu": {
			"version": "1.30.2",
			"cpu": [
				"x64"
			],
			"dev": true,
			"license": "MPL-2.0",
			"optional": true,
			"os": [
				"linux"
			],
			"engines": {
				"node": ">= 12.0.0"
			},
			"funding": {
				"type": "opencollective",
				"url": "https://opencollective.com/parcel"
			}
		},
		"node_modules/lightningcss-linux-x64-musl": {
			"version": "1.30.2",
			"cpu": [
				"x64"
			],
			"dev": true,
			"license": "MPL-2.0",
			"optional": true,
			"os": [
				"linux"
			],
			"engines": {
				"node": ">= 12.0.0"
			},
			"funding": {
				"type": "opencollective",
				"url": "https://opencollective.com/parcel"
			}
		},
		"node_modules/mitata": {
			"version": "1.0.34",
			"dev": true,
			"license": "MIT"
		},
		"node_modules/oxc-minify": {
			"version": "0.93.0",
			"dev": true,
			"license": "MIT",
			"engines": {
				"node": "^20.19.0 || >=22.12.0"
			},
			"funding": {
				"url": "https://github.com/sponsors/Boshen"
			},
			"optionalDependencies": {
				"@oxc-minify/binding-android-arm64": "0.93.0",
				"@oxc-minify/binding-darwin-arm64": "0.93.0",
				"@oxc-minify/binding-darwin-x64": "0.93.0",
				"@oxc-minify/binding-freebsd-x64": "0.93.0",
				"@oxc-minify/binding-linux-arm-gnueabihf": "0.93.0",
				"@oxc-minify/binding-linux-arm-musleabihf": "0.93.0",
				"@oxc-minify/binding-linux-arm64-gnu": "0.93.0",
				"@oxc-minify/binding-linux-arm64-musl": "0.93.0",
				"@oxc-minify/binding-linux-riscv64-gnu": "0.93.0",
				"@oxc-minify/binding-linux-s390x-gnu": "0.93.0",
				"@oxc-minify/binding-linux-x64-gnu": "0.93.0",
				"@oxc-minify/binding-linux-x64-musl": "0.93.0",
				"@oxc-minify/binding-wasm32-wasi": "0.93.0",
				"@oxc-minify/binding-win32-arm64-msvc": "0.93.0",
				"@oxc-minify/binding-win32-x64-msvc": "0.93.0"
			}
		},
		"node_modules/oxc-resolver": {
			"version": "11.14.0",
			"dev": true,
			"license": "MIT",
			"funding": {
				"url": "https://github.com/sponsors/Boshen"
			},
			"optionalDependencies": {
				"@oxc-resolver/binding-android-arm-eabi": "11.14.0",
				"@oxc-resolver/binding-android-arm64": "11.14.0",
				"@oxc-resolver/binding-darwin-arm64": "11.14.0",
				"@oxc-resolver/binding-darwin-x64": "11.14.0",
				"@oxc-resolver/binding-freebsd-x64": "11.14.0",
				"@oxc-resolver/binding-linux-arm-gnueabihf": "11.14.0",
				"@oxc-resolver/binding-linux-arm-musleabihf": "11.14.0",
				"@oxc-resolver/binding-linux-arm64-gnu": "11.14.0",
				"@oxc-resolver/binding-linux-arm64-musl": "11.14.0",
				"@oxc-resolver/binding-linux-ppc64-gnu": "11.14.0",
				"@oxc-resolver/binding-linux-riscv64-gnu": "11.14.0",
				"@oxc-resolver/binding-linux-riscv64-musl": "11.14.0",
				"@oxc-resolver/binding-linux-s390x-gnu": "11.14.0",
				"@oxc-resolver/binding-linux-x64-gnu": "11.14.0",
				"@oxc-resolver/binding-linux-x64-musl": "11.14.0",
				"@oxc-resolver/binding-wasm32-wasi": "11.14.0",
				"@oxc-resolver/binding-win32-arm64-msvc": "11.14.0",
				"@oxc-resolver/binding-win32-ia32-msvc": "11.14.0",
				"@oxc-resolver/binding-win32-x64-msvc": "11.14.0"
			}
		},
		"node_modules/oxc-transform": {
			"version": "0.93.0",
			"dev": true,
			"license": "MIT",
			"engines": {
				"node": "^20.19.0 || >=22.12.0"
			},
			"funding": {
				"url": "https://github.com/sponsors/Boshen"
			},
			"optionalDependencies": {
				"@oxc-transform/binding-android-arm64": "0.93.0",
				"@oxc-transform/binding-darwin-arm64": "0.93.0",
				"@oxc-transform/binding-darwin-x64": "0.93.0",
				"@oxc-transform/binding-freebsd-x64": "0.93.0",
				"@oxc-transform/binding-linux-arm-gnueabihf": "0.93.0",
				"@oxc-transform/binding-linux-arm-musleabihf": "0.93.0",
				"@oxc-transform/binding-linux-arm64-gnu": "0.93.0",
				"@oxc-transform/binding-linux-arm64-musl": "0.93.0",
				"@oxc-transform/binding-linux-riscv64-gnu": "0.93.0",
				"@oxc-transform/binding-linux-s390x-gnu": "0.93.0",
				"@oxc-transform/binding-linux-x64-gnu": "0.93.0",
				"@oxc-transform/binding-linux-x64-musl": "0.93.0",
				"@oxc-transform/binding-wasm32-wasi": "0.93.0",
				"@oxc-transform/binding-win32-arm64-msvc": "0.93.0",
				"@oxc-transform/binding-win32-x64-msvc": "0.93.0"
			}
		},
		"node_modules/picocolors": {
			"version": "1.1.1",
			"dev": true,
			"license": "ISC"
		},
		"node_modules/readdirp": {
			"version": "4.1.2",
			"dev": true,
			"license": "MIT",
			"engines": {
				"node": ">= 14.18.0"
			},
			"funding": {
				"type": "individual",
				"url": "https://paulmillr.com/funding/"
			}
		},
		"node_modules/semver": {
			"version": "7.7.3",
			"dev": true,
			"license": "ISC",
			"bin": {
				"semver": "bin/semver.js"
			},
			"engines": {
				"node": ">=10"
			}
		},
		"node_modules/std-env": {
			"version": "3.10.0",
			"dev": true,
			"license": "MIT"
		},
		"node_modules/strip-json-comments": {
			"version": "5.0.3",
			"dev": true,
			"license": "MIT",
			"engines": {
				"node": ">=14.16"
			},
			"funding": {
				"url": "https://github.com/sponsors/sindresorhus"
			}
		},
		"node_modules/tinyexec": {
			"version": "1.0.2",
			"dev": true,
			"license": "MIT",
			"engines": {
				"node": ">=18"
			}
		},
		"node_modules/tree-kill": {
			"version": "1.2.2",
			"dev": true,
			"license": "MIT",
			"bin": {
				"tree-kill": "cli.js"
			}
		},
		"node_modules/ts-import-resolver": {
			"version": "0.1.23",
			"dev": true,
			"license": "MIT",
			"peerDependencies": {
				"typescript": ">=4.5.0"
			},
			"peerDependenciesMeta": {
				"typescript": {
					"optional": true
				}
			}
		},
		"node_modules/typescript": {
			"version": "5.9.3",
			"resolved": "https://registry.npmjs.org/typescript/-/typescript-5.9.3.tgz",
			"integrity": "sha512-jl1vZzPDinLr9eUt3J/t7V6FgNEw9QjvBPdysz9KfQDD41fQrC2Y4vKQdiaUpFT4bXlb1RHhLpp8wtm6M5TgSw==",
			"dev": true,
			"license": "Apache-2.0",
			"bin": {
				"tsc": "bin/tsc",
				"tsserver": "bin/tsserver"
			},
			"engines": {
				"node": ">=14.17"
			}
		},
		"node_modules/undici-types": {
			"version": "7.16.0",
			"dev": true,
			"license": "MIT"
		},
		"node_modules/zlye": {
			"version": "0.4.4",
			"dev": true,
			"license": "MIT",
			"dependencies": {
				"picocolors": "^1.1.1"
			},
			"peerDependencies": {
				"typescript": ">=4.5.0"
			},
			"peerDependenciesMeta": {
				"typescript": {
					"optional": true
				}
			}
		},
		"node_modules/zod": {
			"version": "4.1.13",
			"dev": true,
			"license": "MIT",
			"funding": {
				"url": "https://github.com/sponsors/colinhacks"
			}
		}
	}
}
